
Microsoft Visual Studio Solution File, Format Version 12.00
# Visual Studio Version 17
VisualStudioVersion = 17.10.35013.160
MinimumVisualStudioVersion = 10.0.40219.1
Project("{FAE04EC0-301F-11D3-BF4B-00C04F79EFBC}") = "StudentManagementApi", "StudentManagementApi\StudentManagementApi.csproj", "{E51BEA6C-47FE-42DB-A025-55F331273E63}"
EndProject
Project("{FAE04EC0-301F-11D3-BF4B-00C04F79EFBC}") = "StudentManagementApi.Tests", "StudentManagementApi.Tests\StudentManagementApi.Tests.csproj", "{5C8AA810-0A56-438E-972A-EA35438AEA80}"
EndProject
Global
	GlobalSection(SolutionConfigurationPlatforms) = preSolution
		Debug|Any CPU = Debug|Any CPU
		Release|Any CPU = Release|Any CPU
	EndGlobalSection
	GlobalSection(ProjectConfigurationPlatforms) = postSolution
		{E51BEA6C-47FE-42DB-A025-55F331273E63}.Debug|Any CPU.ActiveCfg = Debug|Any CPU
		{E51BEA6C-47FE-42DB-A025-55F331273E63}.Debug|Any CPU.Build.0 = Debug|Any CPU
		{E51BEA6C-47FE-42DB-A025-55F331273E63}.Release|Any CPU.ActiveCfg = Release|Any CPU
		{E51BEA6C-47FE-42DB-A025-55F331273E63}.Release|Any CPU.Build.0 = Release|Any CPU
		{5C8AA810-0A56-438E-972A-EA35438AEA80}.Debug|Any CPU.ActiveCfg = Debug|Any CPU
		{5C8AA810-0A56-438E-972A-EA35438AEA80}.Debug|Any CPU.Build.0 = Debug|Any CPU
		{5C8AA810-0A56-438E-972A-EA35438AEA80}.Release|Any CPU.ActiveCfg = Release|Any CPU
		{5C8AA810-0A56-438E-972A-EA35438AEA80}.Release|Any CPU.Build.0 = Release|Any CPU
	EndGlobalSection
	GlobalSection(SolutionProperties) = preSolution
		HideSolutionNode = FALSE
	EndGlobalSection
	GlobalSection(ExtensibilityGlobals) = postSolution
		SolutionGuid = {26E830AB-FE0A-4BC9-A5C7-6D2F594212A9}
	EndGlobalSection
EndGlobal
